# @generated - this file is auto-generated by `mise lock` https://mise.en.dev/dev-tools/mise-lock.html

[[tools.deno]]
version = "2.8.3"
backend = "core:deno"

[tools.deno."platforms.linux-arm64"]
checksum = "sha256:d4589cc1ffcbf1995c92a0127d932aaf832ac70cfdcc6d5b7bf38043cf303575"
url = "https://dl.deno.land/release/v2.8.3/deno-aarch64-unknown-linux-gnu.zip"

[tools.deno."platforms.linux-arm64-musl"]
checksum = "sha256:d4589cc1ffcbf1995c92a0127d932aaf832ac70cfdcc6d5b7bf38043cf303575"
url = "https://dl.deno.land/release/v2.8.3/deno-aarch64-unknown-linux-gnu.zip"

[tools.deno."platforms.linux-x64"]
checksum = "sha256:30455b845ffa6082209c3590269c910ad3b7efdf28c9879afd4006c47ae54197"
url = "https://dl.deno.land/release/v2.8.3/deno-x86_64-unknown-linux-gnu.zip"

[tools.deno."platforms.linux-x64-musl"]
checksum = "sha256:30455b845ffa6082209c3590269c910ad3b7efdf28c9879afd4006c47ae54197"
url = "https://dl.deno.land/release/v2.8.3/deno-x86_64-unknown-linux-gnu.zip"

[tools.deno."platforms.macos-arm64"]
checksum = "sha256:88b350be928fdba0e5d8142ff7c101a17133426371e3cf5ed0e0f74e62476f6c"
url = "https://dl.deno.land/release/v2.8.3/deno-aarch64-apple-darwin.zip"

[tools.deno."platforms.macos-x64"]
checksum = "sha256:4254ec12123cfcf88b87703d7acf092a1ea024bdf9be8dd3cd9d4474761cb74e"
url = "https://dl.deno.land/release/v2.8.3/deno-x86_64-apple-darwin.zip"

[tools.deno."platforms.windows-x64"]
checksum = "sha256:7fdd1f42e6b0855421ecf27bb406e2492ade1087c85e30ebf0deab6280ea743c"
url = "https://dl.deno.land/release/v2.8.3/deno-x86_64-pc-windows-msvc.zip"

[[tools.node]]
version = "24.16.0"
backend = "core:node"

[tools.node."platforms.linux-arm64"]
checksum = "sha256:589f5b6dd4fcfee4dfda73013903c966abaa8abd93dbc9d436544e472b4f0e74"
url = "https://nodejs.org/dist/v24.16.0/node-v24.16.0-linux-arm64.tar.gz"

[tools.node."platforms.linux-arm64-musl"]
checksum = "sha256:85dde27aa73503b03dadfa0410a800067b4e3f702fb7fcaa3beaf284dfcc69e9"
url = "https://unofficial-builds.nodejs.org/download/release/v24.16.0/node-v24.16.0-linux-arm64-musl.tar.gz"

[tools.node."platforms.linux-x64"]
checksum = "sha256:2faf6a387e9b62b888e21c54f01249fb27537ffecf1842f29f4c919d0a59a0ff"
url = "https://nodejs.org/dist/v24.16.0/node-v24.16.0-linux-x64.tar.gz"

[tools.node."platforms.linux-x64-musl"]
checksum = "sha256:50df5d8d474892d4f7b906167df36f77f5b93908f63dc532dc568219cab65841"
url = "https://unofficial-builds.nodejs.org/download/release/v24.16.0/node-v24.16.0-linux-x64-musl.tar.gz"

[tools.node."platforms.macos-arm64"]
checksum = "sha256:39189dab4eeb15706c424af0ac08a3044c9e48f7db12a7d77f6b7aafc7dd5df6"
url = "https://nodejs.org/dist/v24.16.0/node-v24.16.0-darwin-arm64.tar.gz"

[tools.node."platforms.macos-x64"]
checksum = "sha256:298b4c7b3cb80765c8703e42b90324a4ece3b6634947b89e769c3c980ab55185"
url = "https://nodejs.org/dist/v24.16.0/node-v24.16.0-darwin-x64.tar.gz"

[tools.node."platforms.windows-x64"]
checksum = "sha256:edaca9bd58ec8e92037dac4e877d52f6b8f430b81c18b57e264b4e2fb111cd56"
url = "https://nodejs.org/dist/v24.16.0/node-v24.16.0-win-x64.zip"

[[tools.pnpm]]
version = "11.5.2"
backend = "aqua:pnpm/pnpm"

[tools.pnpm."platforms.linux-arm64"]
checksum = "sha256:7fef0c74081135d777754fccf25272f698e504b26ba0568504846c0cea402f8f"
url = "https://github.com/pnpm/pnpm/releases/download/v11.5.2/pnpm-linux-arm64.tar.gz"
provenance = "github-attestations"

[tools.pnpm."platforms.linux-arm64-musl"]
checksum = "sha256:843beed7bca760276d29f8950ca219600995d345dbc93fad8150b3e5f83b74d4"
url = "https://github.com/pnpm/pnpm/releases/download/v11.5.2/pnpm-linux-arm64-musl.tar.gz"
provenance = "github-attestations"

[tools.pnpm."platforms.linux-x64"]
checksum = "sha256:2033a702618c8576dc6bb0f6adb3a67ab506031351ddd59ca50d1bcaf5d13dc5"
url = "https://github.com/pnpm/pnpm/releases/download/v11.5.2/pnpm-linux-x64.tar.gz"
provenance = "github-attestations"

[tools.pnpm."platforms.linux-x64-musl"]
checksum = "sha256:0b794b23461c7475f7ffc29c4945692838b51ddadd857a2ace8edf0018798305"
url = "https://github.com/pnpm/pnpm/releases/download/v11.5.2/pnpm-linux-x64-musl.tar.gz"
provenance = "github-attestations"

[tools.pnpm."platforms.macos-arm64"]
checksum = "sha256:54993dae26bea0f3c1b0e15f9427f6f6a86827d56f32d1d1554d8cda59a62399"
url = "https://github.com/pnpm/pnpm/releases/download/v11.5.2/pnpm-darwin-arm64.tar.gz"
provenance = "github-attestations"

[tools.pnpm."platforms.windows-x64"]
checksum = "sha256:b3ddff2c2bf87d3996fadf074bac58cd2259f718a17912a04ae930e3775b30e9"
url = "https://github.com/pnpm/pnpm/releases/download/v11.5.2/pnpm-win32-x64.zip"
provenance = "github-attestations"
